{
  "lockfile_version": "1",
  "packages": {
    "gawk@latest": {
      "last_modified": "2025-12-31T03:27:36Z",
      "resolved": "github:NixOS/nixpkgs/f665af0cdb70ed27e1bd8f9fdfecaf451260fc55#gawk",
      "source": "devbox-search",
      "version": "5.3.2",
      "systems": {
        "aarch64-darwin": {
          "outputs": [
            {
              "name": "out",
              "path": "/nix/store/pgz4cmapj3nq9vg4fyjqgaa7bayfdrr3-gawk-5.3.2",
              "default": true
            },
            {
              "name": "man",
              "path": "/nix/store/3rmvz135h9mdyn013mi2vqvv396x6amy-gawk-5.3.2-man",
              "default": true
            },
            {
              "name": "info",
              "path": "/nix/store/i8zdx266hyrziq39c65lfsrm1fm88h08-gawk-5.3.2-info"
            }
          ],
          "store_path": "/nix/store/pgz4cmapj3nq9vg4fyjqgaa7bayfdrr3-gawk-5.3.2"
        },
        "aarch64-linux": {
          "outputs": [
            {
              "name": "out",
              "path": "/nix/store/r7sflx3chwxcq2k3qhj23vs9ncbf791q-gawk-5.3.2",
              "default": true
            },
            {
              "name": "man",
              "path": "/nix/store/a2gh54jkjwsfd21m24bjp1vf1qk33izs-gawk-5.3.2-man",
              "default": true
            },
            {
              "name": "info",
              "path": "/nix/store/hn7r10m6mbc2ncvcxdis5z7k4a4n59y7-gawk-5.3.2-info"
            }
          ],
          "store_path": "/nix/store/r7sflx3chwxcq2k3qhj23vs9ncbf791q-gawk-5.3.2"
        },
        "x86_64-darwin": {
          "outputs": [
            {
              "name": "out",
              "path": "/nix/store/fqb6n80gykk01dlsv77na33m0417mxc1-gawk-5.3.2",
              "default": true
            },
            {
              "name": "man",
              "path": "/nix/store/j8254zspxl7pq4bj7amhcbkcy3k607wr-gawk-5.3.2-man",
              "default": true
            },
            {
              "name": "info",
              "path": "/nix/store/kzvjpwjnda9jb02xm4jf0xcqmfrc7wp6-gawk-5.3.2-info"
            }
          ],
          "store_path": "/nix/store/fqb6n80gykk01dlsv77na33m0417mxc1-gawk-5.3.2"
        },
        "x86_64-linux": {
          "outputs": [
            {
              "name": "out",
              "path": "/nix/store/nmxm04dhkaqg1q6hai70n9zmzb0q49a5-gawk-5.3.2",
              "default": true
            },
            {
              "name": "man",
              "path": "/nix/store/prj7wcg859vd5vp3a4mgdxahbdr1hs43-gawk-5.3.2-man",
              "default": true
            },
            {
              "name": "info",
              "path": "/nix/store/khv3iv07w5xs70n9q3g2ib0dvz5vmajz-gawk-5.3.2-info"
            }
          ],
          "store_path": "/nix/store/nmxm04dhkaqg1q6hai70n9zmzb0q49a5-gawk-5.3.2"
        }
      }
    },
    "gettext@latest": {
      "last_modified": "2026-01-16T13:18:18Z",
      "resolved": "github:NixOS/nixpkgs/be5afa0fcb31f0a96bf9ecba05a516c66fcd8114#gettext",
      "source": "devbox-search",
      "version": "0.25.1",
      "systems": {
        "aarch64-darwin": {
          "outputs": [
            {
              "name": "out",
              "path": "/nix/store/axw3iz1kfaq6nir6jj1vk5a0g1nfg0wk-gettext-0.25.1",
              "default": true
            },
            {
              "name": "man",
              "path": "/nix/store/yyx66hslnz21q83s8a7yq07scjsa8m1c-gettext-0.25.1-man",
              "default": true
            },
            {
              "name": "doc",
              "path": "/nix/store/3fjc9z9f989d8m0pxkriwvr20bcyi701-gettext-0.25.1-doc"
            },
            {
              "name": "info",
              "path": "/nix/store/3nl6ld4m6akgkswvn6z4gl3w0hn4fz4b-gettext-0.25.1-info"
            }
          ],
          "store_path": "/nix/store/axw3iz1kfaq6nir6jj1vk5a0g1nfg0wk-gettext-0.25.1"
        },
        "aarch64-linux": {
          "outputs": [
            {
              "name": "out",
              "path": "/nix/store/7gwrf2qdfhz8jh2bmy7r3ck9q30f8w1i-gettext-0.25.1",
              "default": true
            },
            {
              "name": "man",
              "path": "/nix/store/1bzqqp5qbvqg2bvhflb4dfvvj4fsh7qy-gettext-0.25.1-man",
              "default": true
            },
            {
              "name": "info",
              "path": "/nix/store/9cz1cpb4wqngs25qwf5v42jpx7mw06m3-gettext-0.25.1-info"
            },
            {
              "name": "doc",
              "path": "/nix/store/636p4psipq8ssmb0sakl2a6i300nmnhz-gettext-0.25.1-doc"
            }
          ],
          "store_path": "/nix/store/7gwrf2qdfhz8jh2bmy7r3ck9q30f8w1i-gettext-0.25.1"
        },
        "x86_64-darwin": {
          "outputs": [
            {
              "name": "out",
              "path": "/nix/store/sbp7sp9a43cvdlc98h0997flifb9gfn7-gettext-0.25.1",
              "default": true
            },
            {
              "name": "man",
              "path": "/nix/store/wjkvhhx2cfhbv064gp9z6d51a7pkk9rl-gettext-0.25.1-man",
              "default": true
            },
            {
              "name": "doc",
              "path": "/nix/store/p7q4bxw4j5bgrl1pyjhapgpfnp986yq8-gettext-0.25.1-doc"
            },
            {
              "name": "info",
              "path": "/nix/store/741w11xwdg2dlnn8ky1ggapyfbsr94w1-gettext-0.25.1-info"
            }
          ],
          "store_path": "/nix/store/sbp7sp9a43cvdlc98h0997flifb9gfn7-gettext-0.25.1"
        },
        "x86_64-linux": {
          "outputs": [
            {
              "name": "out",
              "path": "/nix/store/1dax567dy7cf55x25a1ryg6z6hl3lvzw-gettext-0.25.1",
              "default": true
            },
            {
              "name": "man",
              "path": "/nix/store/y3zb3vpxylzd8aqj07861hmrykq7pf4q-gettext-0.25.1-man",
              "default": true
            },
            {
              "name": "doc",
              "path": "/nix/store/j37cgmma7ijfzg5h05vr23dyh0l2512c-gettext-0.25.1-doc"
            },
            {
              "name": "info",
              "path": "/nix/store/gf4i36b47gjn2x7140j8j1xagysbsgml-gettext-0.25.1-info"
            }
          ],
          "store_path": "/nix/store/1dax567dy7cf55x25a1ryg6z6hl3lvzw-gettext-0.25.1"
        }
      }
    },
    "github:NixOS/nixpkgs/nixpkgs-unstable": {
      "last_modified": "2026-01-14T12:51:35Z",
      "resolved": "github:NixOS/nixpkgs/13868c071cc73a5e9f610c47d7bb08e5da64fdd5?lastModified=1768395095&narHash=sha256-ZhuYJbwbZT32QA95tSkXd9zXHcdZj90EzHpEXBMabaw%3D"
    },
    "minio@latest": {
      "last_modified": "2026-01-23T17:20:52Z",
      "resolved": "github:NixOS/nixpkgs/a1bab9e494f5f4939442a57a58d0449a109593fe#minio",
      "source": "devbox-search",
      "version": "2025-10-15T17-29-55Z",
      "systems": {
        "aarch64-darwin": {
          "outputs": [
            {
              "name": "out",
              "path": "/nix/store/2w2aa4gqvpkd9qhv2lackj1r0vwa2c0a-minio-2025-10-15T17-29-55Z",
              "default": true
            }
          ],
          "store_path": "/nix/store/2w2aa4gqvpkd9qhv2lackj1r0vwa2c0a-minio-2025-10-15T17-29-55Z"
        },
        "aarch64-linux": {
          "outputs": [
            {
              "name": "out",
              "path": "/nix/store/c2g3hc842la15gv0jwv4slqhvr17fq90-minio-2025-10-15T17-29-55Z",
              "default": true
            }
          ],
          "store_path": "/nix/store/c2g3hc842la15gv0jwv4slqhvr17fq90-minio-2025-10-15T17-29-55Z"
        },
        "x86_64-darwin": {
          "outputs": [
            {
              "name": "out",
              "path": "/nix/store/cs82kzqn39h2w8pm39cqnjy538c16p7z-minio-2025-10-15T17-29-55Z",
              "default": true
            }
          ],
          "store_path": "/nix/store/cs82kzqn39h2w8pm39cqnjy538c16p7z-minio-2025-10-15T17-29-55Z"
        },
        "x86_64-linux": {
          "outputs": [
            {
              "name": "out",
              "path": "/nix/store/jawgnliviz1rdlnxhfjw2drcvi4zf5fg-minio-2025-10-15T17-29-55Z",
              "default": true
            }
          ],
          "store_path": "/nix/store/jawgnliviz1rdlnxhfjw2drcvi4zf5fg-minio-2025-10-15T17-29-55Z"
        }
      }
    },
    "mkcert@latest": {
      "last_modified": "2026-01-23T17:20:52Z",
      "resolved": "github:NixOS/nixpkgs/a1bab9e494f5f4939442a57a58d0449a109593fe#mkcert",
      "source": "devbox-search",
      "version": "1.4.4",
      "systems": {
        "aarch64-darwin": {
          "outputs": [
            {
              "name": "out",
              "path": "/nix/store/irhd9cah42ygx3pklszhvi43vhjk51kh-mkcert-1.4.4",
              "default": true
            }
          ],
          "store_path": "/nix/store/irhd9cah42ygx3pklszhvi43vhjk51kh-mkcert-1.4.4"
        },
        "aarch64-linux": {
          "outputs": [
            {
              "name": "out",
              "path": "/nix/store/8b4mqldjr56rpwkbi8pwcppczx3z4kw2-mkcert-1.4.4",
              "default": true
            }
          ],
          "store_path": "/nix/store/8b4mqldjr56rpwkbi8pwcppczx3z4kw2-mkcert-1.4.4"
        },
        "x86_64-darwin": {
          "outputs": [
            {
              "name": "out",
              "path": "/nix/store/25w2kcxrmi58ig9lakfk8lv70lidcdal-mkcert-1.4.4",
              "default": true
            }
          ],
          "store_path": "/nix/store/25w2kcxrmi58ig9lakfk8lv70lidcdal-mkcert-1.4.4"
        },
        "x86_64-linux": {
          "outputs": [
            {
              "name": "out",
              "path": "/nix/store/ygscfk5q077pv6vzyw8j7g109x8lzcrm-mkcert-1.4.4",
              "default": true
            }
          ],
          "store_path": "/nix/store/ygscfk5q077pv6vzyw8j7g109x8lzcrm-mkcert-1.4.4"
        }
      }
    },
    "nginx@latest": {
      "last_modified": "2025-12-31T03:27:36Z",
      "plugin_version": "0.0.4",
      "resolved": "github:NixOS/nixpkgs/f665af0cdb70ed27e1bd8f9fdfecaf451260fc55#nginx",
      "source": "devbox-search",
      "version": "1.28.0",
      "systems": {
        "aarch64-darwin": {
          "outputs": [
            {
              "name": "out",
              "path": "/nix/store/a7am089lcln7mkqmp7jsvx6336dfsa8a-nginx-1.28.0",
              "default": true
            },
            {
              "name": "doc",
              "path": "/nix/store/57mwxhsp5aafylzk80j2ivk32i9l4xf2-nginx-1.28.0-doc"
            }
          ],
          "store_path": "/nix/store/a7am089lcln7mkqmp7jsvx6336dfsa8a-nginx-1.28.0"
        },
        "aarch64-linux": {
          "outputs": [
            {
              "name": "out",
              "path": "/nix/store/lbv2b8nr4fdxks4mmkc3bg5l46ma8y5j-nginx-1.28.0",
              "default": true
            },
            {
              "name": "doc",
              "path": "/nix/store/x121bk8rgby5an46k7kjlca9zakjvvmb-nginx-1.28.0-doc"
            }
          ],
          "store_path": "/nix/store/lbv2b8nr4fdxks4mmkc3bg5l46ma8y5j-nginx-1.28.0"
        },
        "x86_64-darwin": {
          "outputs": [
            {
              "name": "out",
              "path": "/nix/store/pw44g3aja89n7g2acj03qka6gvlzwf5w-nginx-1.28.0",
              "default": true
            },
            {
              "name": "doc",
              "path": "/nix/store/3dwr5ik1rfv4d4a00dyjs7sxxsf4ynmj-nginx-1.28.0-doc"
            }
          ],
          "store_path": "/nix/store/pw44g3aja89n7g2acj03qka6gvlzwf5w-nginx-1.28.0"
        },
        "x86_64-linux": {
          "outputs": [
            {
              "name": "out",
              "path": "/nix/store/q1qasxldhc1g6zwcxbpj7h7nr3bxcvgy-nginx-1.28.0",
              "default": true
            },
            {
              "name": "doc",
              "path": "/nix/store/bza5zvg41irr8qrw8hf08x278ni5kklj-nginx-1.28.0-doc"
            }
          ],
          "store_path": "/nix/store/q1qasxldhc1g6zwcxbpj7h7nr3bxcvgy-nginx-1.28.0"
        }
      }
    },
    "nodejs@latest": {
      "last_modified": "2026-01-20T02:11:35Z",
      "plugin_version": "0.0.2",
      "resolved": "github:NixOS/nixpkgs/ed142ab1b3a092c4d149245d0c4126a5d7ea00b0#nodejs_25",
      "source": "devbox-search",
      "version": "25.4.0",
      "systems": {
        "aarch64-darwin": {
          "outputs": [
            {
              "name": "out",
              "path": "/nix/store/65fya9i64rgmv86x4y0qjc3bjvn2zic8-nodejs-25.4.0",
              "default": true
            },
            {
              "name": "dev",
              "path": "/nix/store/p0xi38maar6ax3mplb9813bpc803xi8s-nodejs-25.4.0-dev"
            },
            {
              "name": "libv8",
              "path": "/nix/store/4q22l64ydnw94byvaw13qy4fnq5mb53r-nodejs-25.4.0-libv8"
            }
          ],
          "store_path": "/nix/store/65fya9i64rgmv86x4y0qjc3bjvn2zic8-nodejs-25.4.0"
        },
        "aarch64-linux": {
          "outputs": [
            {
              "name": "out",
              "path": "/nix/store/0js09lvaz0jw4yanfbp5cbm92jws5yfm-nodejs-25.4.0",
              "default": true
            },
            {
              "name": "dev",
              "path": "/nix/store/fiv5f7ggpj9ylyz763w9slnkng0fb1k1-nodejs-25.4.0-dev"
            },
            {
              "name": "libv8",
              "path": "/nix/store/rb012s3myjjlkq4wbfdzc75xmsi67vm1-nodejs-25.4.0-libv8"
            }
          ],
          "store_path": "/nix/store/0js09lvaz0jw4yanfbp5cbm92jws5yfm-nodejs-25.4.0"
        },
        "x86_64-darwin": {
          "outputs": [
            {
              "name": "out",
              "path": "/nix/store/a3lfsvjyk2kl4bqsy1s9rax3cfvwkisy-nodejs-25.4.0",
              "default": true
            },
            {
              "name": "dev",
              "path": "/nix/store/12pgcsaaw3ssamq3y329b698f64yrjkz-nodejs-25.4.0-dev"
            },
            {
              "name": "libv8",
              "path": "/nix/store/71xjj7wcmm4dg4m04a0wnn0x7wc1rgv7-nodejs-25.4.0-libv8"
            }
          ],
          "store_path": "/nix/store/a3lfsvjyk2kl4bqsy1s9rax3cfvwkisy-nodejs-25.4.0"
        },
        "x86_64-linux": {
          "outputs": [
            {
              "name": "out",
              "path": "/nix/store/56a910991scilbhn9vf6xfxz3dva5cwd-nodejs-25.4.0",
              "default": true
            },
            {
              "name": "dev",
              "path": "/nix/store/mjxl360h6r08d92xr8i435c0p2z3bl8a-nodejs-25.4.0-dev"
            },
            {
              "name": "libv8",
              "path": "/nix/store/8h5kw2ark2k4pm30rs9gidpcvgn10d6b-nodejs-25.4.0-libv8"
            }
          ],
          "store_path": "/nix/store/56a910991scilbhn9vf6xfxz3dva5cwd-nodejs-25.4.0"
        }
      }
    },
    "postgresql@latest": {
      "last_modified": "2026-01-20T02:11:35Z",
      "plugin_version": "0.0.2",
      "resolved": "github:NixOS/nixpkgs/ed142ab1b3a092c4d149245d0c4126a5d7ea00b0#postgresql",
      "source": "devbox-search",
      "version": "17.7",
      "systems": {
        "aarch64-darwin": {
          "outputs": [
            {
              "name": "out",
              "path": "/nix/store/8dqr0i6k6r2cjfgd2r5jyaihbdicqb9c-postgresql-17.7",
              "default": true
            },
            {
              "name": "man",
              "path": "/nix/store/s2gh48ry0g2a7hirrz942vimrpbqyl55-postgresql-17.7-man",
              "default": true
            },
            {
              "name": "doc",
              "path": "/nix/store/xlwzzw07nq8pa1jc8wmhpbxrwa007rni-postgresql-17.7-doc"
            },
            {
              "name": "lib",
              "path": "/nix/store/m23h5shn5pyaqyrsy2i9k8y0avq3q7fk-postgresql-17.7-lib"
            },
            {
              "name": "plperl",
              "path": "/nix/store/6lg8fkwvrd17jbcb2l8l7j48s5xc2y99-postgresql-17.7-plperl"
            },
            {
              "name": "plpython3",
              "path": "/nix/store/akkb0xddh9x3mvx171x6q15llbq9vvn2-postgresql-17.7-plpython3"
            },
            {
              "name": "pltcl",
              "path": "/nix/store/42zznqzjy6gx8j9h1w6hgcb7p87zw0ia-postgresql-17.7-pltcl"
            },
            {
              "name": "dev",
              "path": "/nix/store/8kg783mqr60dmyw35anha0d6zlib7lwz-postgresql-17.7-dev"
            },
            {
              "name": "jit",
              "path": "/nix/store/kh8iw4ca7ih8r94jyl6znd8wav2qi4dx-postgresql-17.7-jit"
            }
          ],
          "store_path": "/nix/store/8dqr0i6k6r2cjfgd2r5jyaihbdicqb9c-postgresql-17.7"
        },
        "aarch64-linux": {
          "outputs": [
            {
              "name": "out",
              "path": "/nix/store/r3cq6ifd8dndaz2a2c97y4pyv9amdwlb-postgresql-17.7",
              "default": true
            },
            {
              "name": "man",
              "path": "/nix/store/93w6fqzxm18brzwi094zyxf1hgjk3szw-postgresql-17.7-man",
              "default": true
            },
            {
              "name": "debug",
              "path": "/nix/store/4rzzps7glgm5572iw0braakyn63776am-postgresql-17.7-debug"
            },
            {
              "name": "dev",
              "path": "/nix/store/3a498ahpaznkmjimk8kdl5hmhjb7z244-postgresql-17.7-dev"
            },
            {
              "name": "lib",
              "path": "/nix/store/hysdhdjqsc85k4bw4j5hccl9n98pqrbb-postgresql-17.7-lib"
            },
            {
              "name": "plperl",
              "path": "/nix/store/8f5z95sc7hbd59k083fr5xz5rzasbdjx-postgresql-17.7-plperl"
            },
            {
              "name": "plpython3",
              "path": "/nix/store/r7y5jg6y5w9sqj51i8q7zmajy57981hp-postgresql-17.7-plpython3"
            },
            {
              "name": "pltcl",
              "path": "/nix/store/v0ggcg3g5n2vcfdidby54i3866kdc7h0-postgresql-17.7-pltcl"
            },
            {
              "name": "doc",
              "path": "/nix/store/gwbd5flzj0zbknf4sp18brrnmqaam97z-postgresql-17.7-doc"
            },
            {
              "name": "jit",
              "path": "/nix/store/b4dg21h7i76kcicqllfp1n4ql4fifgs1-postgresql-17.7-jit"
            }
          ],
          "store_path": "/nix/store/r3cq6ifd8dndaz2a2c97y4pyv9amdwlb-postgresql-17.7"
        },
        "x86_64-darwin": {
          "outputs": [
            {
              "name": "out",
              "path": "/nix/store/knah3fbhsvy10k6vmq5h10rs8zq5fkq0-postgresql-17.7",
              "default": true
            },
            {
              "name": "man",
              "path": "/nix/store/a7n49b2xgpazzkxazbbz5azbcgqwc5c1-postgresql-17.7-man",
              "default": true
            },
            {
              "name": "lib",
              "path": "/nix/store/zskadb0lrlr10lvz3km5qix08s5gd6rh-postgresql-17.7-lib"
            },
            {
              "name": "plperl",
              "path": "/nix/store/sih8xbyl6i42zh5xavs0hnazpvx6wkgc-postgresql-17.7-plperl"
            },
            {
              "name": "plpython3",
              "path": "/nix/store/vza2y572p75laww7idjg1bcnc8k7k15z-postgresql-17.7-plpython3"
            },
            {
              "name": "pltcl",
              "path": "/nix/store/1p37i9g824zl3kva154jdjngxrrbhh09-postgresql-17.7-pltcl"
            },
            {
              "name": "dev",
              "path": "/nix/store/x9n4zsrf6w58q5nv4dn1k0sdfh7ij0m1-postgresql-17.7-dev"
            },
            {
              "name": "doc",
              "path": "/nix/store/xb6273jkz7z53f5jslp3r05hhk9im7hd-postgresql-17.7-doc"
            },
            {
              "name": "jit",
              "path": "/nix/store/88qzagg7g7ml1hanjfbzy7izgg9jn6ms-postgresql-17.7-jit"
            }
          ],
          "store_path": "/nix/store/knah3fbhsvy10k6vmq5h10rs8zq5fkq0-postgresql-17.7"
        },
        "x86_64-linux": {
          "outputs": [
            {
              "name": "out",
              "path": "/nix/store/n3aadx4a3200n06gsgy8j3sy7s94yi6y-postgresql-17.7",
              "default": true
            },
            {
              "name": "man",
              "path": "/nix/store/ccmlcmir2hg0fvhbw0pkkxy4filijk72-postgresql-17.7-man",
              "default": true
            },
            {
              "name": "plperl",
              "path": "/nix/store/gfs1k03967qqwa07vb4nngvngfa8c98b-postgresql-17.7-plperl"
            },
            {
              "name": "plpython3",
              "path": "/nix/store/y6cmkd3fd2cqkf2nammdjbisargqf4s1-postgresql-17.7-plpython3"
            },
            {
              "name": "pltcl",
              "path": "/nix/store/mg08fawdfkjb5hpbs0wp1wjnl3v41gkd-postgresql-17.7-pltcl"
            },
            {
              "name": "debug",
              "path": "/nix/store/87vkh12z8jzqppbf6sv20jbqbjw2lzdb-postgresql-17.7-debug"
            },
            {
              "name": "dev",
              "path": "/nix/store/g6c7nb4db5g2ili287v4878cxbfj8y3b-postgresql-17.7-dev"
            },
            {
              "name": "doc",
              "path": "/nix/store/ijq8h2qr148yf1lw26804h1iwgkfxldy-postgresql-17.7-doc"
            },
            {
              "name": "jit",
              "path": "/nix/store/9hsb8rxdgvq8rsxm4nwqbr78j6aqmxnb-postgresql-17.7-jit"
            },
            {
              "name": "lib",
              "path": "/nix/store/yxxxv1a4v1y80mqv68fsa2z0h62h16n7-postgresql-17.7-lib"
            }
          ],
          "store_path": "/nix/store/n3aadx4a3200n06gsgy8j3sy7s94yi6y-postgresql-17.7"
        }
      }
    }
  }
}
